
Microsoft Visual Studio Solution File, Format Version 11.00
# Visual Studio 2010
Project("{2150E333-8FDC-42A3-9474-1A3956D46DE8}") = ".nuget", ".nuget", "{1653AC61-ECF8-438C-A174-ADD2D5E776CD}"
	ProjectSection(SolutionItems) = preProject
		.nuget\NuGet.Config = .nuget\NuGet.Config
		.nuget\NuGet.exe = .nuget\NuGet.exe
		.nuget\NuGet.targets = .nuget\NuGet.targets
	EndProjectSection
EndProject
Project("{FAE04EC0-301F-11D3-BF4B-00C04F79EFBC}") = "KaVE.Utils", "..\CodeCompletion\KaVE.Utils\KaVE.Utils.csproj", "{4439FDE5-778A-4FAB-8BB0-7A4E23C45BDB}"
EndProject
Project("{FAE04EC0-301F-11D3-BF4B-00C04F79EFBC}") = "KaVE.Model", "..\CodeCompletion\KaVE.Model\KaVE.Model.csproj", "{236E2794-DE4D-4F94-AC87-2ABFD1059CE0}"
EndProject
Project("{FAE04EC0-301F-11D3-BF4B-00C04F79EFBC}") = "KaVE.VsFeedbackGenerator", "KaVE.VsFeedbackGenerator\KaVE.VsFeedbackGenerator\KaVE.VsFeedbackGenerator.csproj", "{42CE1875-DF5B-4D9E-ADC4-47A96C06EF66}"
EndProject
Project("{FAE04EC0-301F-11D3-BF4B-00C04F79EFBC}") = "KaVE.VsFeedbackGenerator.Tests", "KaVE.VsFeedbackGenerator\KaVE.VsFeedbackGenerator.Tests\KaVE.VsFeedbackGenerator.Tests.csproj", "{61231FF9-BF33-4210-89AA-6C9973FA00A0}"
EndProject
Project("{FAE04EC0-301F-11D3-BF4B-00C04F79EFBC}") = "KaVE.VsFeedbackGenerator.RS8Tests", "KaVE.VsFeedbackGenerator\KaVE.VsFeedbackGenerator.RS8Tests\KaVE.VsFeedbackGenerator.RS8Tests.csproj", "{4979D8EC-B49B-4578-BDC3-D4015C493A98}"
EndProject
Global
	GlobalSection(TeamFoundationVersionControl) = preSolution
		SccNumberOfProjects = 6
		SccEnterpriseProvider = {4CA58AB2-18FA-4F8D-95D4-32DDF27D184C}
		SccTeamFoundationServer = https://kave.visualstudio.com/defaultcollection
		SccLocalPath0 = .
		SccProjectUniqueName1 = ..\\CodeCompletion\\KaVE.Model\\KaVE.Model.csproj
		SccProjectName1 = ../CodeCompletion/KaVE.Model
		SccLocalPath1 = ..\\CodeCompletion\\KaVE.Model
		SccProjectUniqueName2 = ..\\CodeCompletion\\KaVE.Utils\\KAVE.Utils.csproj
		SccProjectName2 = ../CodeCompletion/KaVE.Utils
		SccLocalPath2 = ..\\CodeCompletion\\KaVE.Utils
		SccProjectUniqueName3 = KaVE.VsFeedbackGenerator\\KaVE.VsFeedbackGenerator\\KaVE.VsFeedbackGenerator.csproj
		SccProjectName3 = KaVE.VsFeedbackGenerator/KaVE.VsFeedbackGenerator
		SccLocalPath3 = KaVE.VsFeedbackGenerator\\KaVE.VsFeedbackGenerator
		SccProjectUniqueName4 = KaVE.VsFeedbackGenerator\\KaVE.VsFeedbackGenerator.Tests\\KaVE.VsFeedbackGenerator.Tests.csproj
		SccProjectName4 = KaVE.VsFeedbackGenerator/KaVE.VsFeedbackGenerator.Tests
		SccLocalPath4 = KaVE.VsFeedbackGenerator\\KaVE.VsFeedbackGenerator.Tests
		SccProjectUniqueName5 = KaVE.VsFeedbackGenerator\\KaVE.VsFeedbackGenerator.RS8Tests\\KaVE.VsFeedbackGenerator.RS8Tests.csproj
		SccProjectName5 = KaVE.VsFeedbackGenerator/KaVE.VsFeedbackGenerator.RS8Tests
		SccLocalPath5 = KaVE.VsFeedbackGenerator\\KaVE.VsFeedbackGenerator.RS8Tests
	EndGlobalSection
	GlobalSection(SolutionConfigurationPlatforms) = preSolution
		Debug|Any CPU = Debug|Any CPU
		Release|Any CPU = Release|Any CPU
	EndGlobalSection
	GlobalSection(ProjectConfigurationPlatforms) = postSolution
		{236E2794-DE4D-4F94-AC87-2ABFD1059CE0}.Debug|Any CPU.ActiveCfg = Debug|Any CPU
		{236E2794-DE4D-4F94-AC87-2ABFD1059CE0}.Debug|Any CPU.Build.0 = Debug|Any CPU
		{236E2794-DE4D-4F94-AC87-2ABFD1059CE0}.Release|Any CPU.ActiveCfg = Release|Any CPU
		{236E2794-DE4D-4F94-AC87-2ABFD1059CE0}.Release|Any CPU.Build.0 = Release|Any CPU
		{4439FDE5-778A-4FAB-8BB0-7A4E23C45BDB}.Debug|Any CPU.ActiveCfg = Debug|Any CPU
		{4439FDE5-778A-4FAB-8BB0-7A4E23C45BDB}.Debug|Any CPU.Build.0 = Debug|Any CPU
		{4439FDE5-778A-4FAB-8BB0-7A4E23C45BDB}.Release|Any CPU.ActiveCfg = Release|Any CPU
		{4439FDE5-778A-4FAB-8BB0-7A4E23C45BDB}.Release|Any CPU.Build.0 = Release|Any CPU
		{42CE1875-DF5B-4D9E-ADC4-47A96C06EF66}.Debug|Any CPU.ActiveCfg = Debug|Any CPU
		{42CE1875-DF5B-4D9E-ADC4-47A96C06EF66}.Debug|Any CPU.Build.0 = Debug|Any CPU
		{42CE1875-DF5B-4D9E-ADC4-47A96C06EF66}.Release|Any CPU.ActiveCfg = Release|Any CPU
		{42CE1875-DF5B-4D9E-ADC4-47A96C06EF66}.Release|Any CPU.Build.0 = Release|Any CPU
		{61231FF9-BF33-4210-89AA-6C9973FA00A0}.Debug|Any CPU.ActiveCfg = Debug|Any CPU
		{61231FF9-BF33-4210-89AA-6C9973FA00A0}.Debug|Any CPU.Build.0 = Debug|Any CPU
		{61231FF9-BF33-4210-89AA-6C9973FA00A0}.Release|Any CPU.ActiveCfg = Release|Any CPU
		{61231FF9-BF33-4210-89AA-6C9973FA00A0}.Release|Any CPU.Build.0 = Release|Any CPU
		{4979D8EC-B49B-4578-BDC3-D4015C493A98}.Debug|Any CPU.ActiveCfg = Debug|Any CPU
		{4979D8EC-B49B-4578-BDC3-D4015C493A98}.Debug|Any CPU.Build.0 = Debug|Any CPU
		{4979D8EC-B49B-4578-BDC3-D4015C493A98}.Release|Any CPU.ActiveCfg = Release|Any CPU
		{4979D8EC-B49B-4578-BDC3-D4015C493A98}.Release|Any CPU.Build.0 = Release|Any CPU
	EndGlobalSection
	GlobalSection(SolutionProperties) = preSolution
		HideSolutionNode = FALSE
	EndGlobalSection
EndGlobal
