
Microsoft Visual Studio Solution File, Format Version 11.00
# Visual Studio 2010
Project("{FAE04EC0-301F-11D3-BF4B-00C04F79EFBC}") = "KaVE.Model", "..\CodeCompletion\KaVE.Model\KaVE.Model.csproj", "{236E2794-DE4D-4F94-AC87-2ABFD1059CE0}"
EndProject
Project("{2150E333-8FDC-42A3-9474-1A3956D46DE8}") = ".nuget", ".nuget", "{1653AC61-ECF8-438C-A174-ADD2D5E776CD}"
	ProjectSection(SolutionItems) = preProject
		.nuget\NuGet.Config = .nuget\NuGet.Config
		.nuget\NuGet.exe = .nuget\NuGet.exe
		.nuget\NuGet.targets = .nuget\NuGet.targets
		UnitTests.testsettings = UnitTests.testsettings
	EndProjectSection
EndProject
Project("{FAE04EC0-301F-11D3-BF4B-00C04F79EFBC}") = "EventGenerator.Commons", "EventGenerator.Commons\EventGenerator.Commons.csproj", "{68C1DF50-3A30-4449-B11D-B02F486CD3C8}"
EndProject
Project("{FAE04EC0-301F-11D3-BF4B-00C04F79EFBC}") = "EventGenerator.VisualStudio10", "EventGenerator.VisualStudio10\EventGenerator.VisualStudio10.csproj", "{7B8BA4E9-6AAC-4348-8655-4A8004845BE5}"
EndProject
Project("{FAE04EC0-301F-11D3-BF4B-00C04F79EFBC}") = "EventGenerator.ReSharper8", "EventGenerator.ReSharper8\EventGenerator.ReSharper8\EventGenerator.ReSharper8.csproj", "{42CE1875-DF5B-4D9E-ADC4-47A96C06EF66}"
EndProject
Project("{FAE04EC0-301F-11D3-BF4B-00C04F79EFBC}") = "EventGenerator.ReSharper8.Tests", "EventGenerator.ReSharper8\EventGenerator.ReSharper8.Tests\EventGenerator.ReSharper8.Tests.csproj", "{4979D8EC-B49B-4578-BDC3-D4015C493A98}"
EndProject
Project("{FAE04EC0-301F-11D3-BF4B-00C04F79EFBC}") = "KAVE.MessageBus", "KaVE.MessageBus\KAVE.MessageBus.csproj", "{F1CF28AB-134E-4A95-9F9A-9EE808924975}"
EndProject
Project("{FAE04EC0-301F-11D3-BF4B-00C04F79EFBC}") = "KAVE.MessageBus.Tests", "KaVE.MessageBus.Tests\KAVE.MessageBus.Tests.csproj", "{EA1CFCA8-35C4-4177-A970-D28C619E7130}"
EndProject
Project("{FAE04EC0-301F-11D3-BF4B-00C04F79EFBC}") = "KAVE.Utils", "..\CodeCompletion\KaVE.Utils\KAVE.Utils.csproj", "{4439FDE5-778A-4FAB-8BB0-7A4E23C45BDB}"
EndProject
Global
	GlobalSection(TeamFoundationVersionControl) = preSolution
		SccNumberOfProjects = 9
		SccEnterpriseProvider = {4CA58AB2-18FA-4F8D-95D4-32DDF27D184C}
		SccTeamFoundationServer = https://kave.visualstudio.com/defaultcollection
		SccProjectUniqueName0 = EventGenerator.Commons\\EventGenerator.Commons.csproj
		SccProjectName0 = EventGenerator.Commons
		SccLocalPath0 = EventGenerator.Commons
		SccProjectUniqueName1 = EventGenerator.VisualStudio10\\EventGenerator.VisualStudio10.csproj
		SccProjectName1 = EventGenerator.VisualStudio10
		SccLocalPath1 = EventGenerator.VisualStudio10
		SccProjectUniqueName2 = EventGenerator.ReSharper8\\EventGenerator.ReSharper8\\EventGenerator.ReSharper8.csproj
		SccProjectName2 = EventGenerator.ReSharper8/EventGenerator.ReSharper8
		SccLocalPath2 = EventGenerator.ReSharper8\\EventGenerator.ReSharper8
		SccProjectUniqueName3 = EventGenerator.ReSharper8\\EventGenerator.ReSharper8.Tests\\EventGenerator.ReSharper8.Tests.csproj
		SccProjectName3 = EventGenerator.ReSharper8/EventGenerator.ReSharper8.Tests
		SccLocalPath3 = EventGenerator.ReSharper8\\EventGenerator.ReSharper8.Tests
		SccProjectUniqueName4 = KaVE.MessageBus\\KAVE.MessageBus.csproj
		SccProjectName4 = KAVE.MessageBus
		SccLocalPath4 = KAVE.MessageBus
		SccProjectUniqueName5 = KaVE.MessageBus.Tests\\KAVE.MessageBus.Tests.csproj
		SccProjectName5 = KAVE.MessageBus.Tests
		SccLocalPath5 = KAVE.MessageBus.Tests
		SccProjectUniqueName6 = ..\\CodeCompletion\\KaVE.Model\\KaVE.Model.csproj
		SccProjectName6 = ../CodeCompletion/KaVE.Model
		SccLocalPath6 = ..\\CodeCompletion\\KaVE.Model
		SccProjectUniqueName7 = ..\\CodeCompletion\\KaVE.Utils\\KAVE.Utils.csproj
		SccProjectName7 = ../CodeCompletion/KaVE.Utils
		SccLocalPath7 = ..\\CodeCompletion\\KaVE.Utils
		SccLocalPath8 = .
	EndGlobalSection
	GlobalSection(SolutionConfigurationPlatforms) = preSolution
		Debug|Any CPU = Debug|Any CPU
		Release|Any CPU = Release|Any CPU
	EndGlobalSection
	GlobalSection(ProjectConfigurationPlatforms) = postSolution
		{236E2794-DE4D-4F94-AC87-2ABFD1059CE0}.Debug|Any CPU.ActiveCfg = Debug|Any CPU
		{236E2794-DE4D-4F94-AC87-2ABFD1059CE0}.Debug|Any CPU.Build.0 = Debug|Any CPU
		{236E2794-DE4D-4F94-AC87-2ABFD1059CE0}.Release|Any CPU.ActiveCfg = Release|Any CPU
		{236E2794-DE4D-4F94-AC87-2ABFD1059CE0}.Release|Any CPU.Build.0 = Release|Any CPU
		{68C1DF50-3A30-4449-B11D-B02F486CD3C8}.Debug|Any CPU.ActiveCfg = Debug|Any CPU
		{68C1DF50-3A30-4449-B11D-B02F486CD3C8}.Debug|Any CPU.Build.0 = Debug|Any CPU
		{68C1DF50-3A30-4449-B11D-B02F486CD3C8}.Release|Any CPU.ActiveCfg = Release|Any CPU
		{68C1DF50-3A30-4449-B11D-B02F486CD3C8}.Release|Any CPU.Build.0 = Release|Any CPU
		{7B8BA4E9-6AAC-4348-8655-4A8004845BE5}.Debug|Any CPU.ActiveCfg = Debug|Any CPU
		{7B8BA4E9-6AAC-4348-8655-4A8004845BE5}.Debug|Any CPU.Build.0 = Debug|Any CPU
		{7B8BA4E9-6AAC-4348-8655-4A8004845BE5}.Release|Any CPU.ActiveCfg = Release|Any CPU
		{7B8BA4E9-6AAC-4348-8655-4A8004845BE5}.Release|Any CPU.Build.0 = Release|Any CPU
		{42CE1875-DF5B-4D9E-ADC4-47A96C06EF66}.Debug|Any CPU.ActiveCfg = Debug|Any CPU
		{42CE1875-DF5B-4D9E-ADC4-47A96C06EF66}.Debug|Any CPU.Build.0 = Debug|Any CPU
		{42CE1875-DF5B-4D9E-ADC4-47A96C06EF66}.Release|Any CPU.ActiveCfg = Release|Any CPU
		{42CE1875-DF5B-4D9E-ADC4-47A96C06EF66}.Release|Any CPU.Build.0 = Release|Any CPU
		{4979D8EC-B49B-4578-BDC3-D4015C493A98}.Debug|Any CPU.ActiveCfg = Debug|Any CPU
		{4979D8EC-B49B-4578-BDC3-D4015C493A98}.Debug|Any CPU.Build.0 = Debug|Any CPU
		{4979D8EC-B49B-4578-BDC3-D4015C493A98}.Release|Any CPU.ActiveCfg = Release|Any CPU
		{4979D8EC-B49B-4578-BDC3-D4015C493A98}.Release|Any CPU.Build.0 = Release|Any CPU
		{F1CF28AB-134E-4A95-9F9A-9EE808924975}.Debug|Any CPU.ActiveCfg = Debug|Any CPU
		{F1CF28AB-134E-4A95-9F9A-9EE808924975}.Debug|Any CPU.Build.0 = Debug|Any CPU
		{F1CF28AB-134E-4A95-9F9A-9EE808924975}.Release|Any CPU.ActiveCfg = Release|Any CPU
		{F1CF28AB-134E-4A95-9F9A-9EE808924975}.Release|Any CPU.Build.0 = Release|Any CPU
		{EA1CFCA8-35C4-4177-A970-D28C619E7130}.Debug|Any CPU.ActiveCfg = Debug|Any CPU
		{EA1CFCA8-35C4-4177-A970-D28C619E7130}.Debug|Any CPU.Build.0 = Debug|Any CPU
		{EA1CFCA8-35C4-4177-A970-D28C619E7130}.Release|Any CPU.ActiveCfg = Release|Any CPU
		{EA1CFCA8-35C4-4177-A970-D28C619E7130}.Release|Any CPU.Build.0 = Release|Any CPU
		{4439FDE5-778A-4FAB-8BB0-7A4E23C45BDB}.Debug|Any CPU.ActiveCfg = Debug|Any CPU
		{4439FDE5-778A-4FAB-8BB0-7A4E23C45BDB}.Debug|Any CPU.Build.0 = Debug|Any CPU
		{4439FDE5-778A-4FAB-8BB0-7A4E23C45BDB}.Release|Any CPU.ActiveCfg = Release|Any CPU
		{4439FDE5-778A-4FAB-8BB0-7A4E23C45BDB}.Release|Any CPU.Build.0 = Release|Any CPU
	EndGlobalSection
	GlobalSection(SolutionProperties) = preSolution
		HideSolutionNode = FALSE
	EndGlobalSection
EndGlobal
