
Microsoft Visual Studio Solution File, Format Version 11.00
# Visual Studio 2010
Project("{FAE04EC0-301F-11D3-BF4B-00C04F79EFBC}") = "KaVE.VsFeedbackGenerator", "KaVE.VsFeedbackGenerator\KaVE.VsFeedbackGenerator.csproj", "{42CE1875-DF5B-4D9E-ADC4-47A96C06EF66}"
EndProject
Project("{FAE04EC0-301F-11D3-BF4B-00C04F79EFBC}") = "KaVE.VsFeedbackGenerator.Tests", "KaVE.VsFeedbackGenerator.Tests\KaVE.VsFeedbackGenerator.Tests.csproj", "{61231FF9-BF33-4210-89AA-6C9973FA00A0}"
EndProject
Project("{FAE04EC0-301F-11D3-BF4B-00C04F79EFBC}") = "KaVE.VsFeedbackGenerator.RS8Tests", "KaVE.VsFeedbackGenerator.RS8Tests\KaVE.VsFeedbackGenerator.RS8Tests.csproj", "{4979D8EC-B49B-4578-BDC3-D4015C493A98}"
EndProject
Project("{FAE04EC0-301F-11D3-BF4B-00C04F79EFBC}") = "KaVE.CompletionTraceGenerator", "KaVE.CompletionTraceGenerator\KaVE.CompletionTraceGenerator.csproj", "{9A656780-6292-4CE3-BA13-D6CBB797AABA}"
EndProject
Project("{FAE04EC0-301F-11D3-BF4B-00C04F79EFBC}") = "KaVE.CompletionTraceGenerator.Tests", "KaVE.CompletionTraceGenerator.Tests\KaVE.CompletionTraceGenerator.Tests.csproj", "{9285780C-BA80-4126-8C9A-2ED50C6171F0}"
EndProject
Project("{FAE04EC0-301F-11D3-BF4B-00C04F79EFBC}") = "KaVE.Commons.TestUtils", "KaVE.Commons.TestUtils\KaVE.Commons.TestUtils.csproj", "{126607DB-1F9F-4E2C-A39E-7B707874EAFC}"
EndProject
Project("{FAE04EC0-301F-11D3-BF4B-00C04F79EFBC}") = "KaVE.SolutionAnalysis", "KaVE.SolutionAnalysis\KaVE.SolutionAnalysis.csproj", "{30CCA081-2DAD-46E5-982A-32C3600A29E2}"
EndProject
Project("{FAE04EC0-301F-11D3-BF4B-00C04F79EFBC}") = "KaVE.SolutionAnalysis.Tests", "KaVE.SolutionAnalysis.Tests\KaVE.SolutionAnalysis.Tests.csproj", "{CA830A75-61BC-412E-A4B0-EE1FA71EFDD7}"
EndProject
Project("{FAE04EC0-301F-11D3-BF4B-00C04F79EFBC}") = "KaVE.Commons", "KaVE.Commons\KaVE.Commons.csproj", "{17FC7725-AC2E-47E5-8F24-D2107171A854}"
EndProject
Project("{FAE04EC0-301F-11D3-BF4B-00C04F79EFBC}") = "KaVE.Commons.Tests", "KaVE.Commons.Tests\KaVE.Commons.Tests.csproj", "{FC829D87-127A-498B-965C-9778D223792E}"
EndProject
Project("{FAE04EC0-301F-11D3-BF4B-00C04F79EFBC}") = "KaVE.ReSharper.Commons", "KaVE.ReSharper.Commons\KaVE.ReSharper.Commons.csproj", "{B2235734-D3E5-498F-87E2-E9780DBE0D8D}"
EndProject
Project("{FAE04EC0-301F-11D3-BF4B-00C04F79EFBC}") = "KaVE.ReSharper.Commons.Tests", "KaVE.ReSharper.Commons.Tests\KaVE.ReSharper.Commons.Tests.csproj", "{35FCB52A-CCD2-49C7-AD6D-78A71164A324}"
EndProject
Project("{FAE04EC0-301F-11D3-BF4B-00C04F79EFBC}") = "KaVE.FeedbackProcessor", "KaVE.FeedbackProcessor\KaVE.FeedbackProcessor.csproj", "{7B7AEA61-25F5-4938-BEE7-ED26AE7BE477}"
EndProject
Project("{FAE04EC0-301F-11D3-BF4B-00C04F79EFBC}") = "KaVE.FeedbackProcessor.Tests", "KaVE.FeedbackProcessor.Tests\KaVE.FeedbackProcessor.Tests.csproj", "{FCAAFB9E-BDFC-42C0-9AEA-FBDC55F65355}"
EndProject
Global
	GlobalSection(SolutionConfigurationPlatforms) = preSolution
		Debug|Any CPU = Debug|Any CPU
		Debug|Mixed Platforms = Debug|Mixed Platforms
		Debug|x86 = Debug|x86
		Release|Any CPU = Release|Any CPU
		Release|Mixed Platforms = Release|Mixed Platforms
		Release|x86 = Release|x86
	EndGlobalSection
	GlobalSection(ProjectConfigurationPlatforms) = postSolution
		{42CE1875-DF5B-4D9E-ADC4-47A96C06EF66}.Debug|Any CPU.ActiveCfg = Debug|Any CPU
		{42CE1875-DF5B-4D9E-ADC4-47A96C06EF66}.Debug|Any CPU.Build.0 = Debug|Any CPU
		{42CE1875-DF5B-4D9E-ADC4-47A96C06EF66}.Debug|Mixed Platforms.ActiveCfg = Debug|Any CPU
		{42CE1875-DF5B-4D9E-ADC4-47A96C06EF66}.Debug|Mixed Platforms.Build.0 = Debug|Any CPU
		{42CE1875-DF5B-4D9E-ADC4-47A96C06EF66}.Debug|x86.ActiveCfg = Debug|Any CPU
		{42CE1875-DF5B-4D9E-ADC4-47A96C06EF66}.Release|Any CPU.ActiveCfg = Release|Any CPU
		{42CE1875-DF5B-4D9E-ADC4-47A96C06EF66}.Release|Any CPU.Build.0 = Release|Any CPU
		{42CE1875-DF5B-4D9E-ADC4-47A96C06EF66}.Release|Mixed Platforms.ActiveCfg = Release|Any CPU
		{42CE1875-DF5B-4D9E-ADC4-47A96C06EF66}.Release|Mixed Platforms.Build.0 = Release|Any CPU
		{42CE1875-DF5B-4D9E-ADC4-47A96C06EF66}.Release|x86.ActiveCfg = Release|Any CPU
		{61231FF9-BF33-4210-89AA-6C9973FA00A0}.Debug|Any CPU.ActiveCfg = Debug|Any CPU
		{61231FF9-BF33-4210-89AA-6C9973FA00A0}.Debug|Any CPU.Build.0 = Debug|Any CPU
		{61231FF9-BF33-4210-89AA-6C9973FA00A0}.Debug|Mixed Platforms.ActiveCfg = Debug|Any CPU
		{61231FF9-BF33-4210-89AA-6C9973FA00A0}.Debug|Mixed Platforms.Build.0 = Debug|Any CPU
		{61231FF9-BF33-4210-89AA-6C9973FA00A0}.Debug|x86.ActiveCfg = Debug|Any CPU
		{61231FF9-BF33-4210-89AA-6C9973FA00A0}.Release|Any CPU.ActiveCfg = Release|Any CPU
		{61231FF9-BF33-4210-89AA-6C9973FA00A0}.Release|Any CPU.Build.0 = Release|Any CPU
		{61231FF9-BF33-4210-89AA-6C9973FA00A0}.Release|Mixed Platforms.ActiveCfg = Release|Any CPU
		{61231FF9-BF33-4210-89AA-6C9973FA00A0}.Release|Mixed Platforms.Build.0 = Release|Any CPU
		{61231FF9-BF33-4210-89AA-6C9973FA00A0}.Release|x86.ActiveCfg = Release|Any CPU
		{4979D8EC-B49B-4578-BDC3-D4015C493A98}.Debug|Any CPU.ActiveCfg = Debug|Any CPU
		{4979D8EC-B49B-4578-BDC3-D4015C493A98}.Debug|Any CPU.Build.0 = Debug|Any CPU
		{4979D8EC-B49B-4578-BDC3-D4015C493A98}.Debug|Mixed Platforms.ActiveCfg = Debug|Any CPU
		{4979D8EC-B49B-4578-BDC3-D4015C493A98}.Debug|Mixed Platforms.Build.0 = Debug|Any CPU
		{4979D8EC-B49B-4578-BDC3-D4015C493A98}.Debug|x86.ActiveCfg = Debug|Any CPU
		{4979D8EC-B49B-4578-BDC3-D4015C493A98}.Release|Any CPU.ActiveCfg = Release|Any CPU
		{4979D8EC-B49B-4578-BDC3-D4015C493A98}.Release|Any CPU.Build.0 = Release|Any CPU
		{4979D8EC-B49B-4578-BDC3-D4015C493A98}.Release|Mixed Platforms.ActiveCfg = Release|Any CPU
		{4979D8EC-B49B-4578-BDC3-D4015C493A98}.Release|Mixed Platforms.Build.0 = Release|Any CPU
		{4979D8EC-B49B-4578-BDC3-D4015C493A98}.Release|x86.ActiveCfg = Release|Any CPU
		{9A656780-6292-4CE3-BA13-D6CBB797AABA}.Debug|Any CPU.ActiveCfg = Debug|x86
		{9A656780-6292-4CE3-BA13-D6CBB797AABA}.Debug|Mixed Platforms.ActiveCfg = Debug|x86
		{9A656780-6292-4CE3-BA13-D6CBB797AABA}.Debug|Mixed Platforms.Build.0 = Debug|x86
		{9A656780-6292-4CE3-BA13-D6CBB797AABA}.Debug|x86.ActiveCfg = Debug|x86
		{9A656780-6292-4CE3-BA13-D6CBB797AABA}.Debug|x86.Build.0 = Debug|x86
		{9A656780-6292-4CE3-BA13-D6CBB797AABA}.Release|Any CPU.ActiveCfg = Release|x86
		{9A656780-6292-4CE3-BA13-D6CBB797AABA}.Release|Mixed Platforms.ActiveCfg = Release|x86
		{9A656780-6292-4CE3-BA13-D6CBB797AABA}.Release|Mixed Platforms.Build.0 = Release|x86
		{9A656780-6292-4CE3-BA13-D6CBB797AABA}.Release|x86.ActiveCfg = Release|x86
		{9A656780-6292-4CE3-BA13-D6CBB797AABA}.Release|x86.Build.0 = Release|x86
		{9285780C-BA80-4126-8C9A-2ED50C6171F0}.Debug|Any CPU.ActiveCfg = Debug|Any CPU
		{9285780C-BA80-4126-8C9A-2ED50C6171F0}.Debug|Any CPU.Build.0 = Debug|Any CPU
		{9285780C-BA80-4126-8C9A-2ED50C6171F0}.Debug|Mixed Platforms.ActiveCfg = Debug|Any CPU
		{9285780C-BA80-4126-8C9A-2ED50C6171F0}.Debug|Mixed Platforms.Build.0 = Debug|Any CPU
		{9285780C-BA80-4126-8C9A-2ED50C6171F0}.Debug|x86.ActiveCfg = Debug|Any CPU
		{9285780C-BA80-4126-8C9A-2ED50C6171F0}.Release|Any CPU.ActiveCfg = Release|Any CPU
		{9285780C-BA80-4126-8C9A-2ED50C6171F0}.Release|Any CPU.Build.0 = Release|Any CPU
		{9285780C-BA80-4126-8C9A-2ED50C6171F0}.Release|Mixed Platforms.ActiveCfg = Release|Any CPU
		{9285780C-BA80-4126-8C9A-2ED50C6171F0}.Release|Mixed Platforms.Build.0 = Release|Any CPU
		{9285780C-BA80-4126-8C9A-2ED50C6171F0}.Release|x86.ActiveCfg = Release|Any CPU
		{126607DB-1F9F-4E2C-A39E-7B707874EAFC}.Debug|Any CPU.ActiveCfg = Debug|Any CPU
		{126607DB-1F9F-4E2C-A39E-7B707874EAFC}.Debug|Any CPU.Build.0 = Debug|Any CPU
		{126607DB-1F9F-4E2C-A39E-7B707874EAFC}.Debug|Mixed Platforms.ActiveCfg = Debug|Any CPU
		{126607DB-1F9F-4E2C-A39E-7B707874EAFC}.Debug|Mixed Platforms.Build.0 = Debug|Any CPU
		{126607DB-1F9F-4E2C-A39E-7B707874EAFC}.Debug|x86.ActiveCfg = Debug|Any CPU
		{126607DB-1F9F-4E2C-A39E-7B707874EAFC}.Release|Any CPU.ActiveCfg = Release|Any CPU
		{126607DB-1F9F-4E2C-A39E-7B707874EAFC}.Release|Any CPU.Build.0 = Release|Any CPU
		{126607DB-1F9F-4E2C-A39E-7B707874EAFC}.Release|Mixed Platforms.ActiveCfg = Release|Any CPU
		{126607DB-1F9F-4E2C-A39E-7B707874EAFC}.Release|Mixed Platforms.Build.0 = Release|Any CPU
		{126607DB-1F9F-4E2C-A39E-7B707874EAFC}.Release|x86.ActiveCfg = Release|Any CPU
		{30CCA081-2DAD-46E5-982A-32C3600A29E2}.Debug|Any CPU.ActiveCfg = Debug|Any CPU
		{30CCA081-2DAD-46E5-982A-32C3600A29E2}.Debug|Any CPU.Build.0 = Debug|Any CPU
		{30CCA081-2DAD-46E5-982A-32C3600A29E2}.Debug|Mixed Platforms.ActiveCfg = Debug|Any CPU
		{30CCA081-2DAD-46E5-982A-32C3600A29E2}.Debug|Mixed Platforms.Build.0 = Debug|Any CPU
		{30CCA081-2DAD-46E5-982A-32C3600A29E2}.Debug|x86.ActiveCfg = Debug|Any CPU
		{30CCA081-2DAD-46E5-982A-32C3600A29E2}.Release|Any CPU.ActiveCfg = Release|Any CPU
		{30CCA081-2DAD-46E5-982A-32C3600A29E2}.Release|Any CPU.Build.0 = Release|Any CPU
		{30CCA081-2DAD-46E5-982A-32C3600A29E2}.Release|Mixed Platforms.ActiveCfg = Release|Any CPU
		{30CCA081-2DAD-46E5-982A-32C3600A29E2}.Release|Mixed Platforms.Build.0 = Release|Any CPU
		{30CCA081-2DAD-46E5-982A-32C3600A29E2}.Release|x86.ActiveCfg = Release|Any CPU
		{CA830A75-61BC-412E-A4B0-EE1FA71EFDD7}.Debug|Any CPU.ActiveCfg = Debug|Any CPU
		{CA830A75-61BC-412E-A4B0-EE1FA71EFDD7}.Debug|Any CPU.Build.0 = Debug|Any CPU
		{CA830A75-61BC-412E-A4B0-EE1FA71EFDD7}.Debug|Mixed Platforms.ActiveCfg = Debug|Any CPU
		{CA830A75-61BC-412E-A4B0-EE1FA71EFDD7}.Debug|Mixed Platforms.Build.0 = Debug|Any CPU
		{CA830A75-61BC-412E-A4B0-EE1FA71EFDD7}.Debug|x86.ActiveCfg = Debug|Any CPU
		{CA830A75-61BC-412E-A4B0-EE1FA71EFDD7}.Release|Any CPU.ActiveCfg = Release|Any CPU
		{CA830A75-61BC-412E-A4B0-EE1FA71EFDD7}.Release|Any CPU.Build.0 = Release|Any CPU
		{CA830A75-61BC-412E-A4B0-EE1FA71EFDD7}.Release|Mixed Platforms.ActiveCfg = Release|Any CPU
		{CA830A75-61BC-412E-A4B0-EE1FA71EFDD7}.Release|Mixed Platforms.Build.0 = Release|Any CPU
		{CA830A75-61BC-412E-A4B0-EE1FA71EFDD7}.Release|x86.ActiveCfg = Release|Any CPU
		{17FC7725-AC2E-47E5-8F24-D2107171A854}.Debug|Any CPU.ActiveCfg = Debug|Any CPU
		{17FC7725-AC2E-47E5-8F24-D2107171A854}.Debug|Any CPU.Build.0 = Debug|Any CPU
		{17FC7725-AC2E-47E5-8F24-D2107171A854}.Debug|Mixed Platforms.ActiveCfg = Debug|Any CPU
		{17FC7725-AC2E-47E5-8F24-D2107171A854}.Debug|Mixed Platforms.Build.0 = Debug|Any CPU
		{17FC7725-AC2E-47E5-8F24-D2107171A854}.Debug|x86.ActiveCfg = Debug|Any CPU
		{17FC7725-AC2E-47E5-8F24-D2107171A854}.Release|Any CPU.ActiveCfg = Release|Any CPU
		{17FC7725-AC2E-47E5-8F24-D2107171A854}.Release|Any CPU.Build.0 = Release|Any CPU
		{17FC7725-AC2E-47E5-8F24-D2107171A854}.Release|Mixed Platforms.ActiveCfg = Release|Any CPU
		{17FC7725-AC2E-47E5-8F24-D2107171A854}.Release|Mixed Platforms.Build.0 = Release|Any CPU
		{17FC7725-AC2E-47E5-8F24-D2107171A854}.Release|x86.ActiveCfg = Release|Any CPU
		{FC829D87-127A-498B-965C-9778D223792E}.Debug|Any CPU.ActiveCfg = Debug|Any CPU
		{FC829D87-127A-498B-965C-9778D223792E}.Debug|Any CPU.Build.0 = Debug|Any CPU
		{FC829D87-127A-498B-965C-9778D223792E}.Debug|Mixed Platforms.ActiveCfg = Debug|Any CPU
		{FC829D87-127A-498B-965C-9778D223792E}.Debug|Mixed Platforms.Build.0 = Debug|Any CPU
		{FC829D87-127A-498B-965C-9778D223792E}.Debug|x86.ActiveCfg = Debug|Any CPU
		{FC829D87-127A-498B-965C-9778D223792E}.Release|Any CPU.ActiveCfg = Release|Any CPU
		{FC829D87-127A-498B-965C-9778D223792E}.Release|Any CPU.Build.0 = Release|Any CPU
		{FC829D87-127A-498B-965C-9778D223792E}.Release|Mixed Platforms.ActiveCfg = Release|Any CPU
		{FC829D87-127A-498B-965C-9778D223792E}.Release|Mixed Platforms.Build.0 = Release|Any CPU
		{FC829D87-127A-498B-965C-9778D223792E}.Release|x86.ActiveCfg = Release|Any CPU
		{B2235734-D3E5-498F-87E2-E9780DBE0D8D}.Debug|Any CPU.ActiveCfg = Debug|Any CPU
		{B2235734-D3E5-498F-87E2-E9780DBE0D8D}.Debug|Any CPU.Build.0 = Debug|Any CPU
		{B2235734-D3E5-498F-87E2-E9780DBE0D8D}.Debug|Mixed Platforms.ActiveCfg = Debug|Any CPU
		{B2235734-D3E5-498F-87E2-E9780DBE0D8D}.Debug|Mixed Platforms.Build.0 = Debug|Any CPU
		{B2235734-D3E5-498F-87E2-E9780DBE0D8D}.Debug|x86.ActiveCfg = Debug|Any CPU
		{B2235734-D3E5-498F-87E2-E9780DBE0D8D}.Release|Any CPU.ActiveCfg = Release|Any CPU
		{B2235734-D3E5-498F-87E2-E9780DBE0D8D}.Release|Any CPU.Build.0 = Release|Any CPU
		{B2235734-D3E5-498F-87E2-E9780DBE0D8D}.Release|Mixed Platforms.ActiveCfg = Release|Any CPU
		{B2235734-D3E5-498F-87E2-E9780DBE0D8D}.Release|Mixed Platforms.Build.0 = Release|Any CPU
		{B2235734-D3E5-498F-87E2-E9780DBE0D8D}.Release|x86.ActiveCfg = Release|Any CPU
		{35FCB52A-CCD2-49C7-AD6D-78A71164A324}.Debug|Any CPU.ActiveCfg = Debug|Any CPU
		{35FCB52A-CCD2-49C7-AD6D-78A71164A324}.Debug|Any CPU.Build.0 = Debug|Any CPU
		{35FCB52A-CCD2-49C7-AD6D-78A71164A324}.Debug|Mixed Platforms.ActiveCfg = Debug|Any CPU
		{35FCB52A-CCD2-49C7-AD6D-78A71164A324}.Debug|Mixed Platforms.Build.0 = Debug|Any CPU
		{35FCB52A-CCD2-49C7-AD6D-78A71164A324}.Debug|x86.ActiveCfg = Debug|Any CPU
		{35FCB52A-CCD2-49C7-AD6D-78A71164A324}.Release|Any CPU.ActiveCfg = Release|Any CPU
		{35FCB52A-CCD2-49C7-AD6D-78A71164A324}.Release|Any CPU.Build.0 = Release|Any CPU
		{35FCB52A-CCD2-49C7-AD6D-78A71164A324}.Release|Mixed Platforms.ActiveCfg = Release|Any CPU
		{35FCB52A-CCD2-49C7-AD6D-78A71164A324}.Release|Mixed Platforms.Build.0 = Release|Any CPU
		{35FCB52A-CCD2-49C7-AD6D-78A71164A324}.Release|x86.ActiveCfg = Release|Any CPU
		{7B7AEA61-25F5-4938-BEE7-ED26AE7BE477}.Debug|Any CPU.ActiveCfg = Debug|Any CPU
		{7B7AEA61-25F5-4938-BEE7-ED26AE7BE477}.Debug|Any CPU.Build.0 = Debug|Any CPU
		{7B7AEA61-25F5-4938-BEE7-ED26AE7BE477}.Debug|Mixed Platforms.ActiveCfg = Debug|Any CPU
		{7B7AEA61-25F5-4938-BEE7-ED26AE7BE477}.Debug|Mixed Platforms.Build.0 = Debug|Any CPU
		{7B7AEA61-25F5-4938-BEE7-ED26AE7BE477}.Debug|x86.ActiveCfg = Debug|Any CPU
		{7B7AEA61-25F5-4938-BEE7-ED26AE7BE477}.Release|Any CPU.ActiveCfg = Release|Any CPU
		{7B7AEA61-25F5-4938-BEE7-ED26AE7BE477}.Release|Any CPU.Build.0 = Release|Any CPU
		{7B7AEA61-25F5-4938-BEE7-ED26AE7BE477}.Release|Mixed Platforms.ActiveCfg = Release|Any CPU
		{7B7AEA61-25F5-4938-BEE7-ED26AE7BE477}.Release|Mixed Platforms.Build.0 = Release|Any CPU
		{7B7AEA61-25F5-4938-BEE7-ED26AE7BE477}.Release|x86.ActiveCfg = Release|Any CPU
		{FCAAFB9E-BDFC-42C0-9AEA-FBDC55F65355}.Debug|Any CPU.ActiveCfg = Debug|Any CPU
		{FCAAFB9E-BDFC-42C0-9AEA-FBDC55F65355}.Debug|Any CPU.Build.0 = Debug|Any CPU
		{FCAAFB9E-BDFC-42C0-9AEA-FBDC55F65355}.Debug|Mixed Platforms.ActiveCfg = Debug|Any CPU
		{FCAAFB9E-BDFC-42C0-9AEA-FBDC55F65355}.Debug|Mixed Platforms.Build.0 = Debug|Any CPU
		{FCAAFB9E-BDFC-42C0-9AEA-FBDC55F65355}.Debug|x86.ActiveCfg = Debug|Any CPU
		{FCAAFB9E-BDFC-42C0-9AEA-FBDC55F65355}.Release|Any CPU.ActiveCfg = Release|Any CPU
		{FCAAFB9E-BDFC-42C0-9AEA-FBDC55F65355}.Release|Any CPU.Build.0 = Release|Any CPU
		{FCAAFB9E-BDFC-42C0-9AEA-FBDC55F65355}.Release|Mixed Platforms.ActiveCfg = Release|Any CPU
		{FCAAFB9E-BDFC-42C0-9AEA-FBDC55F65355}.Release|Mixed Platforms.Build.0 = Release|Any CPU
		{FCAAFB9E-BDFC-42C0-9AEA-FBDC55F65355}.Release|x86.ActiveCfg = Release|Any CPU
	EndGlobalSection
	GlobalSection(SolutionProperties) = preSolution
		HideSolutionNode = FALSE
	EndGlobalSection
EndGlobal
